{
    "_readme": [
        "This file is auto-generated by Composer."
    ],
    "content-hash": "a1b2c3d4e5f6a1b2c3d4e5f6a1b2c3d4",
    "packages": [
        {
            "name": "laravel/framework",
            "version": "v10.48.4",
            "description": "The Laravel Framework.",
            "license": ["MIT"],
            "require": {
                "php": "^8.1",
                "symfony/console": "^6.2",
                "symfony/http-foundation": "^6.4",
                "symfony/http-kernel": "^6.2",
                "symfony/routing": "^6.2",
                "monolog/monolog": "^3.0",
                "psr/log": "^1.0|^2.0|^3.0",
                "vlucas/phpdotenv": "^5.4.1"
            }
        },
        {
            "name": "symfony/console",
            "version": "v6.4.17",
            "description": "Eases the creation of command line interfaces",
            "license": ["MIT"],
            "require": {
                "php": ">=8.1",
                "symfony/string": "^5.4|^6.0|^7.0"
            }
        },
        {
            "name": "symfony/http-foundation",
            "version": "v6.4.18",
            "description": "Defines an object-oriented layer for the HTTP specification",
            "license": ["MIT"]
        },
        {
            "name": "symfony/http-kernel",
            "version": "v6.4.18",
            "description": "Provides a structured process for converting a Request into a Response",
            "license": ["MIT"],
            "require": {
                "php": ">=8.1",
                "symfony/http-foundation": "^5.4.21|^6.2.7|^7.0",
                "psr/log": "^1|^2|^3"
            }
        },
        {
            "name": "symfony/routing",
            "version": "v6.4.16",
            "description": "Maps an HTTP request to a set of configuration variables",
            "license": ["MIT"]
        },
        {
            "name": "symfony/string",
            "version": "v6.4.15",
            "description": "Provides an object-oriented API to strings",
            "license": ["MIT"]
        },
        {
            "name": "guzzlehttp/guzzle",
            "version": "7.9.2",
            "description": "Guzzle is a PHP HTTP client library",
            "license": ["MIT"],
            "require": {
                "php": "^7.2.5 || ^8.0",
                "guzzlehttp/promises": "^1.5.3 || ^2.0.3",
                "guzzlehttp/psr7": "^2.7.0",
                "psr/http-client": "^1.0"
            }
        },
        {
            "name": "guzzlehttp/promises",
            "version": "2.0.4",
            "description": "Guzzle promises library",
            "license": ["MIT"]
        },
        {
            "name": "guzzlehttp/psr7",
            "version": "2.7.0",
            "description": "PSR-7 message implementation that also provides common utility methods",
            "license": ["MIT"],
            "require": {
                "php": "^7.2.5 || ^8.0",
                "psr/http-message": "^1.1 || ^2.0"
            }
        },
        {
            "name": "psr/http-client",
            "version": "1.0.3",
            "description": "Common interface for HTTP clients",
            "license": ["MIT"]
        },
        {
            "name": "psr/http-message",
            "version": "2.0",
            "description": "Common interface for HTTP messages",
            "license": ["MIT"]
        },
        {
            "name": "psr/log",
            "version": "3.0.2",
            "description": "Common interface for logging libraries",
            "license": ["MIT"]
        },
        {
            "name": "monolog/monolog",
            "version": "3.8.0",
            "description": "Sends your logs to files, sockets, inboxes, databases and various web services",
            "license": ["MIT"],
            "require": {
                "php": ">=8.1",
                "psr/log": "^2.0 || ^3.0"
            }
        },
        {
            "name": "predis/predis",
            "version": "v2.3.0",
            "description": "A flexible and feature-complete Redis client for PHP.",
            "license": ["MIT"]
        },
        {
            "name": "vlucas/phpdotenv",
            "version": "v5.6.1",
            "description": "Loads environment variables from `.env` to `getenv()`, `$_ENV` and `$_SERVER` automagically.",
            "license": ["BSD-3-Clause"],
            "require": {
                "php": "^7.2.5 || ^8.0",
                "phpoption/phpoption": "^1.9.3"
            }
        },
        {
            "name": "phpoption/phpoption",
            "version": "1.9.3",
            "description": "Option Type for PHP",
            "license": ["Apache-2.0"]
        }
    ],
    "packages-dev": [],
    "minimum-stability": "stable"
}
