{
  "name": "example-app",
  "version": "1.0.0",
  "lockfileVersion": 3,
  "packages": {
    "": {
      "name": "example-app",
      "version": "1.0.0",
      "dependencies": {
        "express": "^4.18.0",
        "lodash": "^4.17.21",
        "axios": "^1.6.0",
        "dotenv": "^16.3.0"
      }
    },
    "node_modules/express": {
      "version": "4.21.2",
      "license": "MIT",
      "dependencies": {
        "body-parser": "1.20.3",
        "cookie": "0.7.1",
        "debug": "2.6.9",
        "depd": "2.0.0",
        "merge-descriptors": "1.0.3",
        "methods": "1.1.2",
        "mime": "1.6.0",
        "path-to-regexp": "0.1.12",
        "qs": "6.13.0",
        "safe-buffer": "5.2.1",
        "send": "0.19.0",
        "type-is": "1.6.18"
      }
    },
    "node_modules/body-parser": {
      "version": "1.20.3",
      "license": "MIT",
      "dependencies": {
        "bytes": "3.1.2",
        "debug": "2.6.9",
        "depd": "2.0.0",
        "iconv-lite": "0.4.24",
        "qs": "6.13.0",
        "raw-body": "2.5.2",
        "type-is": "1.6.18"
      }
    },
    "node_modules/cookie": {
      "version": "0.7.1",
      "license": "MIT"
    },
    "node_modules/debug": {
      "version": "2.6.9",
      "license": "MIT",
      "dependencies": {
        "ms": "2.0.0"
      }
    },
    "node_modules/depd": {
      "version": "2.0.0",
      "license": "MIT"
    },
    "node_modules/merge-descriptors": {
      "version": "1.0.3",
      "license": "MIT"
    },
    "node_modules/methods": {
      "version": "1.1.2",
      "license": "MIT"
    },
    "node_modules/mime": {
      "version": "1.6.0",
      "license": "MIT"
    },
    "node_modules/ms": {
      "version": "2.0.0",
      "license": "MIT"
    },
    "node_modules/path-to-regexp": {
      "version": "0.1.12",
      "license": "MIT"
    },
    "node_modules/qs": {
      "version": "6.13.0",
      "license": "BSD-3-Clause",
      "dependencies": {
        "side-channel": "1.0.6"
      }
    },
    "node_modules/side-channel": {
      "version": "1.0.6",
      "license": "MIT"
    },
    "node_modules/safe-buffer": {
      "version": "5.2.1",
      "license": "MIT"
    },
    "node_modules/send": {
      "version": "0.19.0",
      "license": "MIT",
      "dependencies": {
        "debug": "2.6.9",
        "depd": "2.0.0",
        "mime": "1.6.0",
        "ms": "2.1.3"
      }
    },
    "node_modules/send/node_modules/ms": {
      "version": "2.1.3",
      "license": "MIT"
    },
    "node_modules/type-is": {
      "version": "1.6.18",
      "license": "MIT",
      "dependencies": {
        "media-typer": "0.3.0",
        "mime-types": "2.1.35"
      }
    },
    "node_modules/media-typer": {
      "version": "0.3.0",
      "license": "MIT"
    },
    "node_modules/mime-types": {
      "version": "2.1.35",
      "license": "MIT",
      "dependencies": {
        "mime-db": "1.52.0"
      }
    },
    "node_modules/mime-db": {
      "version": "1.52.0",
      "license": "MIT"
    },
    "node_modules/bytes": {
      "version": "3.1.2",
      "license": "MIT"
    },
    "node_modules/iconv-lite": {
      "version": "0.4.24",
      "license": "MIT",
      "dependencies": {
        "safer-buffer": "2.1.2"
      }
    },
    "node_modules/safer-buffer": {
      "version": "2.1.2",
      "license": "MIT"
    },
    "node_modules/raw-body": {
      "version": "2.5.2",
      "license": "MIT",
      "dependencies": {
        "bytes": "3.1.2",
        "iconv-lite": "0.4.24"
      }
    },
    "node_modules/lodash": {
      "version": "4.17.21",
      "license": "MIT"
    },
    "node_modules/axios": {
      "version": "1.7.9",
      "license": "MIT",
      "dependencies": {
        "follow-redirects": "1.15.9",
        "form-data": "4.0.1",
        "proxy-from-env": "1.1.0"
      }
    },
    "node_modules/follow-redirects": {
      "version": "1.15.9",
      "license": "MIT"
    },
    "node_modules/form-data": {
      "version": "4.0.1",
      "license": "MIT",
      "dependencies": {
        "asynckit": "0.4.0",
        "combined-stream": "1.0.8",
        "mime-types": "2.1.35"
      }
    },
    "node_modules/asynckit": {
      "version": "0.4.0",
      "license": "MIT"
    },
    "node_modules/combined-stream": {
      "version": "1.0.8",
      "license": "MIT",
      "dependencies": {
        "delayed-stream": "1.0.0"
      }
    },
    "node_modules/delayed-stream": {
      "version": "1.0.0",
      "license": "MIT"
    },
    "node_modules/proxy-from-env": {
      "version": "1.1.0",
      "license": "MIT"
    },
    "node_modules/dotenv": {
      "version": "16.4.7",
      "license": "BSD-2-Clause"
    }
  }
}
